// !$*UTF8*$!
{
	archiveVersion = 1;
	classes = {
	};
	objectVersion = 46;
	objects = {

/* Begin PBXBuildFile section */
		E16A549C15044A770007B8BC /* plane.png in Resources */ = {isa = PBXBuildFile; fileRef = E16A549A15044A770007B8BC /* plane.png */; };
		E16A549D15044A770007B8BC /* plane@2x.png in Resources */ = {isa = PBXBuildFile; fileRef = E16A549B15044A770007B8BC /* plane@2x.png */; };
		E1E1C5F014FFCE3F00189AF6 /* UIKit.framework in Frameworks */ = {isa = PBXBuildFile; fileRef = E1E1C5EF14FFCE3F00189AF6 /* UIKit.framework */; };
		E1E1C5F214FFCE3F00189AF6 /* Foundation.framework in Frameworks */ = {isa = PBXBuildFile; fileRef = E1E1C5F114FFCE3F00189AF6 /* Foundation.framework */; };
		E1E1C5F414FFCE3F00189AF6 /* CoreGraphics.framework in Frameworks */ = {isa = PBXBuildFile; fileRef = E1E1C5F314FFCE3F00189AF6 /* CoreGraphics.framework */; };
		E1E1C5FA14FFCE3F00189AF6 /* InfoPlist.strings in Resources */ = {isa = PBXBuildFile; fileRef = E1E1C5F814FFCE3F00189AF6 /* InfoPlist.strings */; };
		E1E1C5FC14FFCE3F00189AF6 /* main.m in Sources */ = {isa = PBXBuildFile; fileRef = E1E1C5FB14FFCE3F00189AF6 /* main.m */; };
		E1E1C60014FFCE3F00189AF6 /* AppDelegate.m in Sources */ = {isa = PBXBuildFile; fileRef = E1E1C5FF14FFCE3F00189AF6 /* AppDelegate.m */; };
		E1E1C60314FFCE3F00189AF6 /* ViewController.m in Sources */ = {isa = PBXBuildFile; fileRef = E1E1C60214FFCE3F00189AF6 /* ViewController.m */; };
		E1E1C60614FFCE3F00189AF6 /* ViewController.xib in Resources */ = {isa = PBXBuildFile; fileRef = E1E1C60414FFCE3F00189AF6 /* ViewController.xib */; };
		E1E1C60D14FFCF4500189AF6 /* MapKit.framework in Frameworks */ = {isa = PBXBuildFile; fileRef = E1E1C60C14FFCF4500189AF6 /* MapKit.framework */; };
		E1FE072115030FC8003B07FB /* AbstractSocket.m in Sources */ = {isa = PBXBuildFile; fileRef = E1FE071E15030FC8003B07FB /* AbstractSocket.m */; settings = {COMPILER_FLAGS = "-fno-objc-arc"; }; };
		E1FE072215030FC8003B07FB /* Socket.m in Sources */ = {isa = PBXBuildFile; fileRef = E1FE072015030FC8003B07FB /* Socket.m */; settings = {COMPILER_FLAGS = "-fno-objc-arc"; }; };
		E1FE0725150315D9003B07FB /* CoreLocation.framework in Frameworks */ = {isa = PBXBuildFile; fileRef = E1FE0724150315D9003B07FB /* CoreLocation.framework */; };
/* End PBXBuildFile section */

/* Begin PBXFileReference section */
		E16A549A15044A770007B8BC /* plane.png */ = {isa = PBXFileReference; lastKnownFileType = image.png; path = plane.png; sourceTree = "<group>"; };
		E16A549B15044A770007B8BC /* plane@2x.png */ = {isa = PBXFileReference; lastKnownFileType = image.png; path = "plane@2x.png"; sourceTree = "<group>"; };
		E1E1C5EB14FFCE3F00189AF6 /* FSTrack.app */ = {isa = PBXFileReference; explicitFileType = wrapper.application; includeInIndex = 0; path = FSTrack.app; sourceTree = BUILT_PRODUCTS_DIR; };
		E1E1C5EF14FFCE3F00189AF6 /* UIKit.framework */ = {isa = PBXFileReference; lastKnownFileType = wrapper.framework; name = UIKit.framework; path = System/Library/Frameworks/UIKit.framework; sourceTree = SDKROOT; };
		E1E1C5F114FFCE3F00189AF6 /* Foundation.framework */ = {isa = PBXFileReference; lastKnownFileType = wrapper.framework; name = Foundation.framework; path = System/Library/Frameworks/Foundation.framework; sourceTree = SDKROOT; };
		E1E1C5F314FFCE3F00189AF6 /* CoreGraphics.framework */ = {isa = PBXFileReference; lastKnownFileType = wrapper.framework; name = CoreGraphics.framework; path = System/Library/Frameworks/CoreGraphics.framework; sourceTree = SDKROOT; };
		E1E1C5F714FFCE3F00189AF6 /* FSTrack-Info.plist */ = {isa = PBXFileReference; lastKnownFileType = text.plist.xml; path = "FSTrack-Info.plist"; sourceTree = "<group>"; };
		E1E1C5F914FFCE3F00189AF6 /* en */ = {isa = PBXFileReference; lastKnownFileType = text.plist.strings; name = en; path = en.lproj/InfoPlist.strings; sourceTree = "<group>"; };
		E1E1C5FB14FFCE3F00189AF6 /* main.m */ = {isa = PBXFileReference; lastKnownFileType = sourcecode.c.objc; path = main.m; sourceTree = "<group>"; };
		E1E1C5FD14FFCE3F00189AF6 /* FSTrack-Prefix.pch */ = {isa = PBXFileReference; lastKnownFileType = sourcecode.c.h; path = "FSTrack-Prefix.pch"; sourceTree = "<group>"; };
		E1E1C5FE14FFCE3F00189AF6 /* AppDelegate.h */ = {isa = PBXFileReference; lastKnownFileType = sourcecode.c.h; path = AppDelegate.h; sourceTree = "<group>"; };
		E1E1C5FF14FFCE3F00189AF6 /* AppDelegate.m */ = {isa = PBXFileReference; lastKnownFileType = sourcecode.c.objc; path = AppDelegate.m; sourceTree = "<group>"; };
		E1E1C60114FFCE3F00189AF6 /* ViewController.h */ = {isa = PBXFileReference; lastKnownFileType = sourcecode.c.h; path = ViewController.h; sourceTree = "<group>"; };
		E1E1C60214FFCE3F00189AF6 /* ViewController.m */ = {isa = PBXFileReference; lastKnownFileType = sourcecode.c.objc; path = ViewController.m; sourceTree = "<group>"; };
		E1E1C60514FFCE3F00189AF6 /* en */ = {isa = PBXFileReference; lastKnownFileType = file.xib; name = en; path = en.lproj/ViewController.xib; sourceTree = "<group>"; };
		E1E1C60C14FFCF4500189AF6 /* MapKit.framework */ = {isa = PBXFileReference; lastKnownFileType = wrapper.framework; name = MapKit.framework; path = System/Library/Frameworks/MapKit.framework; sourceTree = SDKROOT; };
		E1FE071D15030FC8003B07FB /* AbstractSocket.h */ = {isa = PBXFileReference; fileEncoding = 4; lastKnownFileType = sourcecode.c.h; path = AbstractSocket.h; sourceTree = "<group>"; };
		E1FE071E15030FC8003B07FB /* AbstractSocket.m */ = {isa = PBXFileReference; fileEncoding = 4; lastKnownFileType = sourcecode.c.objc; path = AbstractSocket.m; sourceTree = "<group>"; };
		E1FE071F15030FC8003B07FB /* Socket.h */ = {isa = PBXFileReference; fileEncoding = 4; lastKnownFileType = sourcecode.c.h; path = Socket.h; sourceTree = "<group>"; };
		E1FE072015030FC8003B07FB /* Socket.m */ = {isa = PBXFileReference; fileEncoding = 4; lastKnownFileType = sourcecode.c.objc; path = Socket.m; sourceTree = "<group>"; };
		E1FE0724150315D9003B07FB /* CoreLocation.framework */ = {isa = PBXFileReference; lastKnownFileType = wrapper.framework; name = CoreLocation.framework; path = System/Library/Frameworks/CoreLocation.framework; sourceTree = SDKROOT; };
/* End PBXFileReference section */

/* Begin PBXFrameworksBuildPhase section */
		E1E1C5E814FFCE3F00189AF6 /* Frameworks */ = {
			isa = PBXFrameworksBuildPhase;
			buildActionMask = 2147483647;
			files = (
				E1FE0725150315D9003B07FB /* CoreLocation.framework in Frameworks */,
				E1E1C60D14FFCF4500189AF6 /* MapKit.framework in Frameworks */,
				E1E1C5F014FFCE3F00189AF6 /* UIKit.framework in Frameworks */,
				E1E1C5F214FFCE3F00189AF6 /* Foundation.framework in Frameworks */,
				E1E1C5F414FFCE3F00189AF6 /* CoreGraphics.framework in Frameworks */,
			);
			runOnlyForDeploymentPostprocessing = 0;
		};
/* End PBXFrameworksBuildPhase section */

/* Begin PBXGroup section */
		E16A549815044A6A0007B8BC /* Images */ = {
			isa = PBXGroup;
			children = (
				E16A549A15044A770007B8BC /* plane.png */,
				E16A549B15044A770007B8BC /* plane@2x.png */,
			);
			name = Images;
			sourceTree = "<group>";
		};
		E1E1C5E014FFCE3F00189AF6 = {
			isa = PBXGroup;
			children = (
				E1E1C5F514FFCE3F00189AF6 /* FSTrack */,
				E1E1C5EE14FFCE3F00189AF6 /* Frameworks */,
				E1E1C5EC14FFCE3F00189AF6 /* Products */,
			);
			sourceTree = "<group>";
		};
		E1E1C5EC14FFCE3F00189AF6 /* Products */ = {
			isa = PBXGroup;
			children = (
				E1E1C5EB14FFCE3F00189AF6 /* FSTrack.app */,
			);
			name = Products;
			sourceTree = "<group>";
		};
		E1E1C5EE14FFCE3F00189AF6 /* Frameworks */ = {
			isa = PBXGroup;
			children = (
				E1FE0724150315D9003B07FB /* CoreLocation.framework */,
				E1E1C60C14FFCF4500189AF6 /* MapKit.framework */,
				E1E1C5EF14FFCE3F00189AF6 /* UIKit.framework */,
				E1E1C5F114FFCE3F00189AF6 /* Foundation.framework */,
				E1E1C5F314FFCE3F00189AF6 /* CoreGraphics.framework */,
			);
			name = Frameworks;
			sourceTree = "<group>";
		};
		E1E1C5F514FFCE3F00189AF6 /* FSTrack */ = {
			isa = PBXGroup;
			children = (
				E16A549815044A6A0007B8BC /* Images */,
				E1FE071C15030FC8003B07FB /* SmallSocketsClasses */,
				E1E1C5FE14FFCE3F00189AF6 /* AppDelegate.h */,
				E1E1C5FF14FFCE3F00189AF6 /* AppDelegate.m */,
				E1E1C60114FFCE3F00189AF6 /* ViewController.h */,
				E1E1C60214FFCE3F00189AF6 /* ViewController.m */,
				E1E1C60414FFCE3F00189AF6 /* ViewController.xib */,
				E1E1C5F614FFCE3F00189AF6 /* Supporting Files */,
			);
			path = FSTrack;
			sourceTree = "<group>";
		};
		E1E1C5F614FFCE3F00189AF6 /* Supporting Files */ = {
			isa = PBXGroup;
			children = (
				E1E1C5F714FFCE3F00189AF6 /* FSTrack-Info.plist */,
				E1E1C5F814FFCE3F00189AF6 /* InfoPlist.strings */,
				E1E1C5FB14FFCE3F00189AF6 /* main.m */,
				E1E1C5FD14FFCE3F00189AF6 /* FSTrack-Prefix.pch */,
			);
			name = "Supporting Files";
			sourceTree = "<group>";
		};
		E1FE071C15030FC8003B07FB /* SmallSocketsClasses */ = {
			isa = PBXGroup;
			children = (
				E1FE071D15030FC8003B07FB /* AbstractSocket.h */,
				E1FE071E15030FC8003B07FB /* AbstractSocket.m */,
				E1FE071F15030FC8003B07FB /* Socket.h */,
				E1FE072015030FC8003B07FB /* Socket.m */,
			);
			path = SmallSocketsClasses;
			sourceTree = "<group>";
		};
/* End PBXGroup section */

/* Begin PBXNativeTarget section */
		E1E1C5EA14FFCE3F00189AF6 /* FSTrack */ = {
			isa = PBXNativeTarget;
			buildConfigurationList = E1E1C60914FFCE3F00189AF6 /* Build configuration list for PBXNativeTarget "FSTrack" */;
			buildPhases = (
				E1E1C5E714FFCE3F00189AF6 /* Sources */,
				E1E1C5E814FFCE3F00189AF6 /* Frameworks */,
				E1E1C5E914FFCE3F00189AF6 /* Resources */,
			);
			buildRules = (
			);
			dependencies = (
			);
			name = FSTrack;
			productName = FSTrack;
			productReference = E1E1C5EB14FFCE3F00189AF6 /* FSTrack.app */;
			productType = "com.apple.product-type.application";
		};
/* End PBXNativeTarget section */

/* Begin PBXProject section */
		E1E1C5E214FFCE3F00189AF6 /* Project object */ = {
			isa = PBXProject;
			attributes = {
				LastUpgradeCheck = 0420;
				ORGANIZATIONNAME = Automattic;
			};
			buildConfigurationList = E1E1C5E514FFCE3F00189AF6 /* Build configuration list for PBXProject "FSTrack" */;
			compatibilityVersion = "Xcode 3.2";
			developmentRegion = English;
			hasScannedForEncodings = 0;
			knownRegions = (
				en,
			);
			mainGroup = E1E1C5E014FFCE3F00189AF6;
			productRefGroup = E1E1C5EC14FFCE3F00189AF6 /* Products */;
			projectDirPath = "";
			projectRoot = "";
			targets = (
				E1E1C5EA14FFCE3F00189AF6 /* FSTrack */,
			);
		};
/* End PBXProject section */

/* Begin PBXResourcesBuildPhase section */
		E1E1C5E914FFCE3F00189AF6 /* Resources */ = {
			isa = PBXResourcesBuildPhase;
			buildActionMask = 2147483647;
			files = (
				E1E1C5FA14FFCE3F00189AF6 /* InfoPlist.strings in Resources */,
				E1E1C60614FFCE3F00189AF6 /* ViewController.xib in Resources */,
				E16A549C15044A770007B8BC /* plane.png in Resources */,
				E16A549D15044A770007B8BC /* plane@2x.png in Resources */,
			);
			runOnlyForDeploymentPostprocessing = 0;
		};
/* End PBXResourcesBuildPhase section */

/* Begin PBXSourcesBuildPhase section */
		E1E1C5E714FFCE3F00189AF6 /* Sources */ = {
			isa = PBXSourcesBuildPhase;
			buildActionMask = 2147483647;
			files = (
				E1E1C5FC14FFCE3F00189AF6 /* main.m in Sources */,
				E1E1C60014FFCE3F00189AF6 /* AppDelegate.m in Sources */,
				E1E1C60314FFCE3F00189AF6 /* ViewController.m in Sources */,
				E1FE072115030FC8003B07FB /* AbstractSocket.m in Sources */,
				E1FE072215030FC8003B07FB /* Socket.m in Sources */,
			);
			runOnlyForDeploymentPostprocessing = 0;
		};
/* End PBXSourcesBuildPhase section */

/* Begin PBXVariantGroup section */
		E1E1C5F814FFCE3F00189AF6 /* InfoPlist.strings */ = {
			isa = PBXVariantGroup;
			children = (
				E1E1C5F914FFCE3F00189AF6 /* en */,
			);
			name = InfoPlist.strings;
			sourceTree = "<group>";
		};
		E1E1C60414FFCE3F00189AF6 /* ViewController.xib */ = {
			isa = PBXVariantGroup;
			children = (
				E1E1C60514FFCE3F00189AF6 /* en */,
			);
			name = ViewController.xib;
			sourceTree = "<group>";
		};
/* End PBXVariantGroup section */

/* Begin XCBuildConfiguration section */
		E1E1C60714FFCE3F00189AF6 /* Debug */ = {
			isa = XCBuildConfiguration;
			buildSettings = {
				ALWAYS_SEARCH_USER_PATHS = NO;
				ARCHS = "$(ARCHS_STANDARD_32_BIT)";
				CLANG_ENABLE_OBJC_ARC = YES;
				"CODE_SIGN_IDENTITY[sdk=iphoneos*]" = "iPhone Developer";
				COPY_PHASE_STRIP = NO;
				GCC_C_LANGUAGE_STANDARD = gnu99;
				GCC_DYNAMIC_NO_PIC = NO;
				GCC_OPTIMIZATION_LEVEL = 0;
				GCC_PREPROCESSOR_DEFINITIONS = (
					"DEBUG=1",
					"$(inherited)",
				);
				GCC_SYMBOLS_PRIVATE_EXTERN = NO;
				GCC_VERSION = com.apple.compilers.llvm.clang.1_0;
				GCC_WARN_ABOUT_MISSING_PROTOTYPES = YES;
				GCC_WARN_ABOUT_RETURN_TYPE = YES;
				GCC_WARN_UNUSED_VARIABLE = YES;
				IPHONEOS_DEPLOYMENT_TARGET = 5.0;
				SDKROOT = iphoneos;
				TARGETED_DEVICE_FAMILY = 2;
			};
			name = Debug;
		};
		E1E1C60814FFCE3F00189AF6 /* Release */ = {
			isa = XCBuildConfiguration;
			buildSettings = {
				ALWAYS_SEARCH_USER_PATHS = NO;
				ARCHS = "$(ARCHS_STANDARD_32_BIT)";
				CLANG_ENABLE_OBJC_ARC = YES;
				"CODE_SIGN_IDENTITY[sdk=iphoneos*]" = "iPhone Developer";
				COPY_PHASE_STRIP = YES;
				GCC_C_LANGUAGE_STANDARD = gnu99;
				GCC_VERSION = com.apple.compilers.llvm.clang.1_0;
				GCC_WARN_ABOUT_MISSING_PROTOTYPES = YES;
				GCC_WARN_ABOUT_RETURN_TYPE = YES;
				GCC_WARN_UNUSED_VARIABLE = YES;
				IPHONEOS_DEPLOYMENT_TARGET = 5.0;
				OTHER_CFLAGS = "-DNS_BLOCK_ASSERTIONS=1";
				SDKROOT = iphoneos;
				TARGETED_DEVICE_FAMILY = 2;
				VALIDATE_PRODUCT = YES;
			};
			name = Release;
		};
		E1E1C60A14FFCE3F00189AF6 /* Debug */ = {
			isa = XCBuildConfiguration;
			buildSettings = {
				GCC_PRECOMPILE_PREFIX_HEADER = YES;
				GCC_PREFIX_HEADER = "FSTrack/FSTrack-Prefix.pch";
				INFOPLIST_FILE = "FSTrack/FSTrack-Info.plist";
				PRODUCT_NAME = "$(TARGET_NAME)";
				WRAPPER_EXTENSION = app;
			};
			name = Debug;
		};
		E1E1C60B14FFCE3F00189AF6 /* Release */ = {
			isa = XCBuildConfiguration;
			buildSettings = {
				GCC_PRECOMPILE_PREFIX_HEADER = YES;
				GCC_PREFIX_HEADER = "FSTrack/FSTrack-Prefix.pch";
				INFOPLIST_FILE = "FSTrack/FSTrack-Info.plist";
				PRODUCT_NAME = "$(TARGET_NAME)";
				WRAPPER_EXTENSION = app;
			};
			name = Release;
		};
/* End XCBuildConfiguration section */

/* Begin XCConfigurationList section */
		E1E1C5E514FFCE3F00189AF6 /* Build configuration list for PBXProject "FSTrack" */ = {
			isa = XCConfigurationList;
			buildConfigurations = (
				E1E1C60714FFCE3F00189AF6 /* Debug */,
				E1E1C60814FFCE3F00189AF6 /* Release */,
			);
			defaultConfigurationIsVisible = 0;
			defaultConfigurationName = Release;
		};
		E1E1C60914FFCE3F00189AF6 /* Build configuration list for PBXNativeTarget "FSTrack" */ = {
			isa = XCConfigurationList;
			buildConfigurations = (
				E1E1C60A14FFCE3F00189AF6 /* Debug */,
				E1E1C60B14FFCE3F00189AF6 /* Release */,
			);
			defaultConfigurationIsVisible = 0;
			defaultConfigurationName = Release;
		};
/* End XCConfigurationList section */
	};
	rootObject = E1E1C5E214FFCE3F00189AF6 /* Project object */;
}
